
Microsoft Visual Studio Solution File, Format Version 12.00
# Visual Studio Version 17
VisualStudioVersion = 17.3.32825.248
MinimumVisualStudioVersion = 10.0.40219.1
Project("{FAE04EC0-301F-11D3-BF4B-00C04F79EFBC}") = "ACT3Event", "ACT3Event\ACT3Event.csproj", "{65465827-10A7-4323-A8E7-3121BD4E7518}"
EndProject
Global
	GlobalSection(SolutionConfigurationPlatforms) = preSolution
		Debug|Any CPU = Debug|Any CPU
		Release|Any CPU = Release|Any CPU
	EndGlobalSection
	GlobalSection(ProjectConfigurationPlatforms) = postSolution
		{65465827-10A7-4323-A8E7-3121BD4E7518}.Debug|Any CPU.ActiveCfg = Debug|Any CPU
		{65465827-10A7-4323-A8E7-3121BD4E7518}.Debug|Any CPU.Build.0 = Debug|Any CPU
		{65465827-10A7-4323-A8E7-3121BD4E7518}.Release|Any CPU.ActiveCfg = Release|Any CPU
		{65465827-10A7-4323-A8E7-3121BD4E7518}.Release|Any CPU.Build.0 = Release|Any CPU
	EndGlobalSection
	GlobalSection(SolutionProperties) = preSolution
		HideSolutionNode = FALSE
	EndGlobalSection
	GlobalSection(ExtensibilityGlobals) = postSolution
		SolutionGuid = {7C5ED5E5-5DB6-4B9B-8485-11BE5AC2BE5A}
	EndGlobalSection
EndGlobal
